
Microsoft Visual Studio Solution File, Format Version 12.00
# Visual Studio Version 16
VisualStudioVersion = 16.0.30907.101
MinimumVisualStudioVersion = 10.0.40219.1
Project("{9A19103F-16F7-4668-BE54-9A1E7A4F7556}") = "DataAccess", "DataAccess\DataAccess.csproj", "{7DB07C65-C99F-461B-8C58-1C7A71153481}"
EndProject
Project("{9A19103F-16F7-4668-BE54-9A1E7A4F7556}") = "Business", "Business\Business.csproj", "{B9711CDA-80BC-455D-982D-BBFF00115585}"
EndProject
Project("{9A19103F-16F7-4668-BE54-9A1E7A4F7556}") = "Entities", "Entities\Entities.csproj", "{EF50C4DD-EB9A-4ED5-8A00-27B9EC1CE4F7}"
EndProject
Project("{9A19103F-16F7-4668-BE54-9A1E7A4F7556}") = "ConsoleUI", "ConsoleUI\ConsoleUI.csproj", "{86D9A896-EFF2-4FF3-BAD3-D6A4E546BA31}"
EndProject
Project("{2150E333-8FDC-42A3-9474-1A3956D46DE8}") = "Solution Items", "Solution Items", "{8D32723B-6BF4-453E-90E1-CFE14ACCEFCA}"
	ProjectSection(SolutionItems) = preProject
		.editorconfig = .editorconfig
	EndProjectSection
EndProject
Project("{FAE04EC0-301F-11D3-BF4B-00C04F79EFBC}") = "Core", "Core\Core.csproj", "{03D5402E-10AD-472F-9358-26C781928945}"
EndProject
Global
	GlobalSection(SolutionConfigurationPlatforms) = preSolution
		Debug|Any CPU = Debug|Any CPU
		Release|Any CPU = Release|Any CPU
	EndGlobalSection
	GlobalSection(ProjectConfigurationPlatforms) = postSolution
		{7DB07C65-C99F-461B-8C58-1C7A71153481}.Debug|Any CPU.ActiveCfg = Debug|Any CPU
		{7DB07C65-C99F-461B-8C58-1C7A71153481}.Debug|Any CPU.Build.0 = Debug|Any CPU
		{7DB07C65-C99F-461B-8C58-1C7A71153481}.Release|Any CPU.ActiveCfg = Release|Any CPU
		{7DB07C65-C99F-461B-8C58-1C7A71153481}.Release|Any CPU.Build.0 = Release|Any CPU
		{B9711CDA-80BC-455D-982D-BBFF00115585}.Debug|Any CPU.ActiveCfg = Debug|Any CPU
		{B9711CDA-80BC-455D-982D-BBFF00115585}.Debug|Any CPU.Build.0 = Debug|Any CPU
		{B9711CDA-80BC-455D-982D-BBFF00115585}.Release|Any CPU.ActiveCfg = Release|Any CPU
		{B9711CDA-80BC-455D-982D-BBFF00115585}.Release|Any CPU.Build.0 = Release|Any CPU
		{EF50C4DD-EB9A-4ED5-8A00-27B9EC1CE4F7}.Debug|Any CPU.ActiveCfg = Debug|Any CPU
		{EF50C4DD-EB9A-4ED5-8A00-27B9EC1CE4F7}.Debug|Any CPU.Build.0 = Debug|Any CPU
		{EF50C4DD-EB9A-4ED5-8A00-27B9EC1CE4F7}.Release|Any CPU.ActiveCfg = Release|Any CPU
		{EF50C4DD-EB9A-4ED5-8A00-27B9EC1CE4F7}.Release|Any CPU.Build.0 = Release|Any CPU
		{86D9A896-EFF2-4FF3-BAD3-D6A4E546BA31}.Debug|Any CPU.ActiveCfg = Debug|Any CPU
		{86D9A896-EFF2-4FF3-BAD3-D6A4E546BA31}.Debug|Any CPU.Build.0 = Debug|Any CPU
		{86D9A896-EFF2-4FF3-BAD3-D6A4E546BA31}.Release|Any CPU.ActiveCfg = Release|Any CPU
		{86D9A896-EFF2-4FF3-BAD3-D6A4E546BA31}.Release|Any CPU.Build.0 = Release|Any CPU
		{03D5402E-10AD-472F-9358-26C781928945}.Debug|Any CPU.ActiveCfg = Debug|Any CPU
		{03D5402E-10AD-472F-9358-26C781928945}.Debug|Any CPU.Build.0 = Debug|Any CPU
		{03D5402E-10AD-472F-9358-26C781928945}.Release|Any CPU.ActiveCfg = Release|Any CPU
		{03D5402E-10AD-472F-9358-26C781928945}.Release|Any CPU.Build.0 = Release|Any CPU
	EndGlobalSection
	GlobalSection(SolutionProperties) = preSolution
		HideSolutionNode = FALSE
	EndGlobalSection
	GlobalSection(ExtensibilityGlobals) = postSolution
		SolutionGuid = {601924E4-DB6D-45E6-BAFA-C64DC2953CBF}
	EndGlobalSection
EndGlobal
